
Microsoft Visual Studio Solution File, Format Version 12.00
# Visual Studio Version 17
VisualStudioVersion = 17.0.31903.59
MinimumVisualStudioVersion = 10.0.40219.1
Project("{FAE04EC0-301F-11D3-BF4B-00C04F79EFBC}") = "GenericLibsBase", "GenericLibsBase\GenericLibsBase.csproj", "{F3FEAB2B-8725-4E8B-83A2-E51C4EC66EF7}"
EndProject
Project("{FAE04EC0-301F-11D3-BF4B-00C04F79EFBC}") = "GenericServices", "GenericServices\GenericServices.csproj", "{BC14D5B3-3FA5-48E4-9062-6D30929D72F4}"
EndProject
Project("{FAE04EC0-301F-11D3-BF4B-00C04F79EFBC}") = "DataLayer", "DataLayer\DataLayer.csproj", "{095E3125-1C36-49B2-98D2-D21ED7225FAB}"
EndProject
Project("{FAE04EC0-301F-11D3-BF4B-00C04F79EFBC}") = "ServiceLayer", "ServiceLayer\ServiceLayer.csproj", "{5BE6B3D0-A4CA-493D-BA86-377105DD92BC}"
EndProject
Project("{FAE04EC0-301F-11D3-BF4B-00C04F79EFBC}") = "BizLayer", "BizLayer\BizLayer.csproj", "{4538B585-62DE-45E5-A6DD-8BD48505075D}"
EndProject
Project("{FAE04EC0-301F-11D3-BF4B-00C04F79EFBC}") = "SampleWebApp", "SampleWebApp\SampleWebApp.csproj", "{FBD2F5CB-9E02-4E9B-B26D-8BB9E9DC4C63}"
EndProject
Project("{FAE04EC0-301F-11D3-BF4B-00C04F79EFBC}") = "Tests", "Tests\Tests.csproj", "{6D9E7904-B2AC-49E3-83A7-6B48876F46B9}"
EndProject
Global
	GlobalSection(SolutionConfigurationPlatforms) = preSolution
		Debug|Any CPU = Debug|Any CPU
		Release|Any CPU = Release|Any CPU
	EndGlobalSection
	GlobalSection(SolutionProperties) = preSolution
		HideSolutionNode = FALSE
	EndGlobalSection
	GlobalSection(ProjectConfigurationPlatforms) = postSolution
		{F3FEAB2B-8725-4E8B-83A2-E51C4EC66EF7}.Debug|Any CPU.ActiveCfg = Debug|Any CPU
		{F3FEAB2B-8725-4E8B-83A2-E51C4EC66EF7}.Debug|Any CPU.Build.0 = Debug|Any CPU
		{F3FEAB2B-8725-4E8B-83A2-E51C4EC66EF7}.Release|Any CPU.ActiveCfg = Release|Any CPU
		{F3FEAB2B-8725-4E8B-83A2-E51C4EC66EF7}.Release|Any CPU.Build.0 = Release|Any CPU
		{BC14D5B3-3FA5-48E4-9062-6D30929D72F4}.Debug|Any CPU.ActiveCfg = Debug|Any CPU
		{BC14D5B3-3FA5-48E4-9062-6D30929D72F4}.Debug|Any CPU.Build.0 = Debug|Any CPU
		{BC14D5B3-3FA5-48E4-9062-6D30929D72F4}.Release|Any CPU.ActiveCfg = Release|Any CPU
		{BC14D5B3-3FA5-48E4-9062-6D30929D72F4}.Release|Any CPU.Build.0 = Release|Any CPU
		{095E3125-1C36-49B2-98D2-D21ED7225FAB}.Debug|Any CPU.ActiveCfg = Debug|Any CPU
		{095E3125-1C36-49B2-98D2-D21ED7225FAB}.Debug|Any CPU.Build.0 = Debug|Any CPU
		{095E3125-1C36-49B2-98D2-D21ED7225FAB}.Release|Any CPU.ActiveCfg = Release|Any CPU
		{095E3125-1C36-49B2-98D2-D21ED7225FAB}.Release|Any CPU.Build.0 = Release|Any CPU
		{5BE6B3D0-A4CA-493D-BA86-377105DD92BC}.Debug|Any CPU.ActiveCfg = Debug|Any CPU
		{5BE6B3D0-A4CA-493D-BA86-377105DD92BC}.Debug|Any CPU.Build.0 = Debug|Any CPU
		{5BE6B3D0-A4CA-493D-BA86-377105DD92BC}.Release|Any CPU.ActiveCfg = Release|Any CPU
		{5BE6B3D0-A4CA-493D-BA86-377105DD92BC}.Release|Any CPU.Build.0 = Release|Any CPU
		{4538B585-62DE-45E5-A6DD-8BD48505075D}.Debug|Any CPU.ActiveCfg = Debug|Any CPU
		{4538B585-62DE-45E5-A6DD-8BD48505075D}.Debug|Any CPU.Build.0 = Debug|Any CPU
		{4538B585-62DE-45E5-A6DD-8BD48505075D}.Release|Any CPU.ActiveCfg = Release|Any CPU
		{4538B585-62DE-45E5-A6DD-8BD48505075D}.Release|Any CPU.Build.0 = Release|Any CPU
		{FBD2F5CB-9E02-4E9B-B26D-8BB9E9DC4C63}.Debug|Any CPU.ActiveCfg = Debug|Any CPU
		{FBD2F5CB-9E02-4E9B-B26D-8BB9E9DC4C63}.Debug|Any CPU.Build.0 = Debug|Any CPU
		{FBD2F5CB-9E02-4E9B-B26D-8BB9E9DC4C63}.Release|Any CPU.ActiveCfg = Release|Any CPU
		{FBD2F5CB-9E02-4E9B-B26D-8BB9E9DC4C63}.Release|Any CPU.Build.0 = Release|Any CPU
		{6D9E7904-B2AC-49E3-83A7-6B48876F46B9}.Debug|Any CPU.ActiveCfg = Debug|Any CPU
		{6D9E7904-B2AC-49E3-83A7-6B48876F46B9}.Debug|Any CPU.Build.0 = Debug|Any CPU
		{6D9E7904-B2AC-49E3-83A7-6B48876F46B9}.Release|Any CPU.ActiveCfg = Release|Any CPU
		{6D9E7904-B2AC-49E3-83A7-6B48876F46B9}.Release|Any CPU.Build.0 = Release|Any CPU
	EndGlobalSection
EndGlobal
